
Microsoft Visual Studio Solution File, Format Version 12.00
# Visual Studio Version 17
VisualStudioVersion = 17.0.31903.59
MinimumVisualStudioVersion = 10.0.40219.1
Project("{2150E333-8FDC-42A3-9474-1A3956D46DE8}") = "src", "src", "{827E0CD3-B72D-47B6-A68D-7590B98EB39B}"
EndProject
Project("{FAE04EC0-301F-11D3-BF4B-00C04F79EFBC}") = "API", "src\API\API.csproj", "{B31882B5-A39B-431B-90CD-AD68605CD18E}"
EndProject
Project("{FAE04EC0-301F-11D3-BF4B-00C04F79EFBC}") = "Application", "src\Application\Application.csproj", "{85D15DDF-D7CF-4E0E-A5F2-F9454DD57C6E}"
EndProject
Project("{FAE04EC0-301F-11D3-BF4B-00C04F79EFBC}") = "Domain", "src\Domain\Domain.csproj", "{9EA6F114-2895-4115-B7A1-1418AF9F6536}"
EndProject
Project("{FAE04EC0-301F-11D3-BF4B-00C04F79EFBC}") = "Infrastructure", "src\Infrastructure\Infrastructure.csproj", "{E5BBCCC1-48A6-4E0C-B753-3E91356EB111}"
EndProject
Project("{2150E333-8FDC-42A3-9474-1A3956D46DE8}") = "tests", "tests", "{0AB3BF05-4346-4AA6-1389-037BE0695223}"
EndProject
Project("{FAE04EC0-301F-11D3-BF4B-00C04F79EFBC}") = "API.Tests", "tests\API.Tests\API.Tests.csproj", "{06849E50-9627-4909-AD89-D98B7FD9D086}"
EndProject
Project("{FAE04EC0-301F-11D3-BF4B-00C04F79EFBC}") = "Application.Tests", "tests\Application.Tests\Application.Tests.csproj", "{C1151C0D-6DE3-44D2-8B47-40BA3B2B5CD1}"
EndProject
Project("{FAE04EC0-301F-11D3-BF4B-00C04F79EFBC}") = "Infrastructure.Tests", "tests\Infrastructure.Tests\Infrastructure.Tests.csproj", "{2DA2A1CD-DB48-4D2D-9AA0-AC0A3DA01BC1}"
EndProject
Global
	GlobalSection(SolutionConfigurationPlatforms) = preSolution
		Debug|Any CPU = Debug|Any CPU
		Debug|x64 = Debug|x64
		Debug|x86 = Debug|x86
		Release|Any CPU = Release|Any CPU
		Release|x64 = Release|x64
		Release|x86 = Release|x86
	EndGlobalSection
	GlobalSection(ProjectConfigurationPlatforms) = postSolution
		{B31882B5-A39B-431B-90CD-AD68605CD18E}.Debug|Any CPU.ActiveCfg = Debug|Any CPU
		{B31882B5-A39B-431B-90CD-AD68605CD18E}.Debug|Any CPU.Build.0 = Debug|Any CPU
		{B31882B5-A39B-431B-90CD-AD68605CD18E}.Debug|x64.ActiveCfg = Debug|Any CPU
		{B31882B5-A39B-431B-90CD-AD68605CD18E}.Debug|x64.Build.0 = Debug|Any CPU
		{B31882B5-A39B-431B-90CD-AD68605CD18E}.Debug|x86.ActiveCfg = Debug|Any CPU
		{B31882B5-A39B-431B-90CD-AD68605CD18E}.Debug|x86.Build.0 = Debug|Any CPU
		{B31882B5-A39B-431B-90CD-AD68605CD18E}.Release|Any CPU.ActiveCfg = Release|Any CPU
		{B31882B5-A39B-431B-90CD-AD68605CD18E}.Release|Any CPU.Build.0 = Release|Any CPU
		{B31882B5-A39B-431B-90CD-AD68605CD18E}.Release|x64.ActiveCfg = Release|Any CPU
		{B31882B5-A39B-431B-90CD-AD68605CD18E}.Release|x64.Build.0 = Release|Any CPU
		{B31882B5-A39B-431B-90CD-AD68605CD18E}.Release|x86.ActiveCfg = Release|Any CPU
		{B31882B5-A39B-431B-90CD-AD68605CD18E}.Release|x86.Build.0 = Release|Any CPU
		{85D15DDF-D7CF-4E0E-A5F2-F9454DD57C6E}.Debug|Any CPU.ActiveCfg = Debug|Any CPU
		{85D15DDF-D7CF-4E0E-A5F2-F9454DD57C6E}.Debug|Any CPU.Build.0 = Debug|Any CPU
		{85D15DDF-D7CF-4E0E-A5F2-F9454DD57C6E}.Debug|x64.ActiveCfg = Debug|Any CPU
		{85D15DDF-D7CF-4E0E-A5F2-F9454DD57C6E}.Debug|x64.Build.0 = Debug|Any CPU
		{85D15DDF-D7CF-4E0E-A5F2-F9454DD57C6E}.Debug|x86.ActiveCfg = Debug|Any CPU
		{85D15DDF-D7CF-4E0E-A5F2-F9454DD57C6E}.Debug|x86.Build.0 = Debug|Any CPU
		{85D15DDF-D7CF-4E0E-A5F2-F9454DD57C6E}.Release|Any CPU.ActiveCfg = Release|Any CPU
		{85D15DDF-D7CF-4E0E-A5F2-F9454DD57C6E}.Release|Any CPU.Build.0 = Release|Any CPU
		{85D15DDF-D7CF-4E0E-A5F2-F9454DD57C6E}.Release|x64.ActiveCfg = Release|Any CPU
		{85D15DDF-D7CF-4E0E-A5F2-F9454DD57C6E}.Release|x64.Build.0 = Release|Any CPU
		{85D15DDF-D7CF-4E0E-A5F2-F9454DD57C6E}.Release|x86.ActiveCfg = Release|Any CPU
		{85D15DDF-D7CF-4E0E-A5F2-F9454DD57C6E}.Release|x86.Build.0 = Release|Any CPU
		{9EA6F114-2895-4115-B7A1-1418AF9F6536}.Debug|Any CPU.ActiveCfg = Debug|Any CPU
		{9EA6F114-2895-4115-B7A1-1418AF9F6536}.Debug|Any CPU.Build.0 = Debug|Any CPU
		{9EA6F114-2895-4115-B7A1-1418AF9F6536}.Debug|x64.ActiveCfg = Debug|Any CPU
		{9EA6F114-2895-4115-B7A1-1418AF9F6536}.Debug|x64.Build.0 = Debug|Any CPU
		{9EA6F114-2895-4115-B7A1-1418AF9F6536}.Debug|x86.ActiveCfg = Debug|Any CPU
		{9EA6F114-2895-4115-B7A1-1418AF9F6536}.Debug|x86.Build.0 = Debug|Any CPU
		{9EA6F114-2895-4115-B7A1-1418AF9F6536}.Release|Any CPU.ActiveCfg = Release|Any CPU
		{9EA6F114-2895-4115-B7A1-1418AF9F6536}.Release|Any CPU.Build.0 = Release|Any CPU
		{9EA6F114-2895-4115-B7A1-1418AF9F6536}.Release|x64.ActiveCfg = Release|Any CPU
		{9EA6F114-2895-4115-B7A1-1418AF9F6536}.Release|x64.Build.0 = Release|Any CPU
		{9EA6F114-2895-4115-B7A1-1418AF9F6536}.Release|x86.ActiveCfg = Release|Any CPU
		{9EA6F114-2895-4115-B7A1-1418AF9F6536}.Release|x86.Build.0 = Release|Any CPU
		{E5BBCCC1-48A6-4E0C-B753-3E91356EB111}.Debug|Any CPU.ActiveCfg = Debug|Any CPU
		{E5BBCCC1-48A6-4E0C-B753-3E91356EB111}.Debug|Any CPU.Build.0 = Debug|Any CPU
		{E5BBCCC1-48A6-4E0C-B753-3E91356EB111}.Debug|x64.ActiveCfg = Debug|Any CPU
		{E5BBCCC1-48A6-4E0C-B753-3E91356EB111}.Debug|x64.Build.0 = Debug|Any CPU
		{E5BBCCC1-48A6-4E0C-B753-3E91356EB111}.Debug|x86.ActiveCfg = Debug|Any CPU
		{E5BBCCC1-48A6-4E0C-B753-3E91356EB111}.Debug|x86.Build.0 = Debug|Any CPU
		{E5BBCCC1-48A6-4E0C-B753-3E91356EB111}.Release|Any CPU.ActiveCfg = Release|Any CPU
		{E5BBCCC1-48A6-4E0C-B753-3E91356EB111}.Release|Any CPU.Build.0 = Release|Any CPU
		{E5BBCCC1-48A6-4E0C-B753-3E91356EB111}.Release|x64.ActiveCfg = Release|Any CPU
		{E5BBCCC1-48A6-4E0C-B753-3E91356EB111}.Release|x64.Build.0 = Release|Any CPU
		{E5BBCCC1-48A6-4E0C-B753-3E91356EB111}.Release|x86.ActiveCfg = Release|Any CPU
		{E5BBCCC1-48A6-4E0C-B753-3E91356EB111}.Release|x86.Build.0 = Release|Any CPU
		{06849E50-9627-4909-AD89-D98B7FD9D086}.Debug|Any CPU.ActiveCfg = Debug|Any CPU
		{06849E50-9627-4909-AD89-D98B7FD9D086}.Debug|Any CPU.Build.0 = Debug|Any CPU
		{06849E50-9627-4909-AD89-D98B7FD9D086}.Debug|x64.ActiveCfg = Debug|Any CPU
		{06849E50-9627-4909-AD89-D98B7FD9D086}.Debug|x64.Build.0 = Debug|Any CPU
		{06849E50-9627-4909-AD89-D98B7FD9D086}.Debug|x86.ActiveCfg = Debug|Any CPU
		{06849E50-9627-4909-AD89-D98B7FD9D086}.Debug|x86.Build.0 = Debug|Any CPU
		{06849E50-9627-4909-AD89-D98B7FD9D086}.Release|Any CPU.ActiveCfg = Release|Any CPU
		{06849E50-9627-4909-AD89-D98B7FD9D086}.Release|Any CPU.Build.0 = Release|Any CPU
		{06849E50-9627-4909-AD89-D98B7FD9D086}.Release|x64.ActiveCfg = Release|Any CPU
		{06849E50-9627-4909-AD89-D98B7FD9D086}.Release|x64.Build.0 = Release|Any CPU
		{06849E50-9627-4909-AD89-D98B7FD9D086}.Release|x86.ActiveCfg = Release|Any CPU
		{06849E50-9627-4909-AD89-D98B7FD9D086}.Release|x86.Build.0 = Release|Any CPU
		{C1151C0D-6DE3-44D2-8B47-40BA3B2B5CD1}.Debug|Any CPU.ActiveCfg = Debug|Any CPU
		{C1151C0D-6DE3-44D2-8B47-40BA3B2B5CD1}.Debug|Any CPU.Build.0 = Debug|Any CPU
		{C1151C0D-6DE3-44D2-8B47-40BA3B2B5CD1}.Debug|x64.ActiveCfg = Debug|Any CPU
		{C1151C0D-6DE3-44D2-8B47-40BA3B2B5CD1}.Debug|x64.Build.0 = Debug|Any CPU
		{C1151C0D-6DE3-44D2-8B47-40BA3B2B5CD1}.Debug|x86.ActiveCfg = Debug|Any CPU
		{C1151C0D-6DE3-44D2-8B47-40BA3B2B5CD1}.Debug|x86.Build.0 = Debug|Any CPU
		{C1151C0D-6DE3-44D2-8B47-40BA3B2B5CD1}.Release|Any CPU.ActiveCfg = Release|Any CPU
		{C1151C0D-6DE3-44D2-8B47-40BA3B2B5CD1}.Release|Any CPU.Build.0 = Release|Any CPU
		{C1151C0D-6DE3-44D2-8B47-40BA3B2B5CD1}.Release|x64.ActiveCfg = Release|Any CPU
		{C1151C0D-6DE3-44D2-8B47-40BA3B2B5CD1}.Release|x64.Build.0 = Release|Any CPU
		{C1151C0D-6DE3-44D2-8B47-40BA3B2B5CD1}.Release|x86.ActiveCfg = Release|Any CPU
		{C1151C0D-6DE3-44D2-8B47-40BA3B2B5CD1}.Release|x86.Build.0 = Release|Any CPU
		{2DA2A1CD-DB48-4D2D-9AA0-AC0A3DA01BC1}.Debug|Any CPU.ActiveCfg = Debug|Any CPU
		{2DA2A1CD-DB48-4D2D-9AA0-AC0A3DA01BC1}.Debug|Any CPU.Build.0 = Debug|Any CPU
		{2DA2A1CD-DB48-4D2D-9AA0-AC0A3DA01BC1}.Debug|x64.ActiveCfg = Debug|Any CPU
		{2DA2A1CD-DB48-4D2D-9AA0-AC0A3DA01BC1}.Debug|x64.Build.0 = Debug|Any CPU
		{2DA2A1CD-DB48-4D2D-9AA0-AC0A3DA01BC1}.Debug|x86.ActiveCfg = Debug|Any CPU
		{2DA2A1CD-DB48-4D2D-9AA0-AC0A3DA01BC1}.Debug|x86.Build.0 = Debug|Any CPU
		{2DA2A1CD-DB48-4D2D-9AA0-AC0A3DA01BC1}.Release|Any CPU.ActiveCfg = Release|Any CPU
		{2DA2A1CD-DB48-4D2D-9AA0-AC0A3DA01BC1}.Release|Any CPU.Build.0 = Release|Any CPU
		{2DA2A1CD-DB48-4D2D-9AA0-AC0A3DA01BC1}.Release|x64.ActiveCfg = Release|Any CPU
		{2DA2A1CD-DB48-4D2D-9AA0-AC0A3DA01BC1}.Release|x64.Build.0 = Release|Any CPU
		{2DA2A1CD-DB48-4D2D-9AA0-AC0A3DA01BC1}.Release|x86.ActiveCfg = Release|Any CPU
		{2DA2A1CD-DB48-4D2D-9AA0-AC0A3DA01BC1}.Release|x86.Build.0 = Release|Any CPU
	EndGlobalSection
	GlobalSection(SolutionProperties) = preSolution
		HideSolutionNode = FALSE
	EndGlobalSection
	GlobalSection(NestedProjects) = preSolution
		{B31882B5-A39B-431B-90CD-AD68605CD18E} = {827E0CD3-B72D-47B6-A68D-7590B98EB39B}
		{85D15DDF-D7CF-4E0E-A5F2-F9454DD57C6E} = {827E0CD3-B72D-47B6-A68D-7590B98EB39B}
		{9EA6F114-2895-4115-B7A1-1418AF9F6536} = {827E0CD3-B72D-47B6-A68D-7590B98EB39B}
		{E5BBCCC1-48A6-4E0C-B753-3E91356EB111} = {827E0CD3-B72D-47B6-A68D-7590B98EB39B}
		{06849E50-9627-4909-AD89-D98B7FD9D086} = {0AB3BF05-4346-4AA6-1389-037BE0695223}
		{C1151C0D-6DE3-44D2-8B47-40BA3B2B5CD1} = {0AB3BF05-4346-4AA6-1389-037BE0695223}
		{2DA2A1CD-DB48-4D2D-9AA0-AC0A3DA01BC1} = {0AB3BF05-4346-4AA6-1389-037BE0695223}
	EndGlobalSection
EndGlobal
